// !$*UTF8*$!
{
	archiveVersion = 1;
	classes = {
	};
	objectVersion = 46;
	objects = {

/* Begin PBXBuildFile section */
		22830747CE6D99FE8EAF928F /* Pods_engagement.framework in Frameworks */ = {isa = PBXBuildFile; fileRef = A1212FFE30ABAFBF22E440D6 /* Pods_engagement.framework */; };
		59A4FDC4581D30284D6DB477 /* Pods_engagementUITests.framework in Frameworks */ = {isa = PBXBuildFile; fileRef = 14AA9AE964CA96DCEDB4CBE1 /* Pods_engagementUITests.framework */; };
		B70AFD1990E6EA4220AF4BB0 /* Pods_engagementTests.framework in Frameworks */ = {isa = PBXBuildFile; fileRef = B0CBA42716B10448E7978101 /* Pods_engagementTests.framework */; };
		C365B9D41DF07A6200E8C8AF /* AppDelegate.swift in Sources */ = {isa = PBXBuildFile; fileRef = C365B9D31DF07A6200E8C8AF /* AppDelegate.swift */; };
		C365B9D61DF07A6200E8C8AF /* ViewController.swift in Sources */ = {isa = PBXBuildFile; fileRef = C365B9D51DF07A6200E8C8AF /* ViewController.swift */; };
		C365B9D91DF07A6200E8C8AF /* Main.storyboard in Resources */ = {isa = PBXBuildFile; fileRef = C365B9D71DF07A6200E8C8AF /* Main.storyboard */; };
		C365B9DB1DF07A6200E8C8AF /* Assets.xcassets in Resources */ = {isa = PBXBuildFile; fileRef = C365B9DA1DF07A6200E8C8AF /* Assets.xcassets */; };
		C365B9DE1DF07A6200E8C8AF /* LaunchScreen.storyboard in Resources */ = {isa = PBXBuildFile; fileRef = C365B9DC1DF07A6200E8C8AF /* LaunchScreen.storyboard */; };
		C365B9E91DF07A6200E8C8AF /* engagementTests.swift in Sources */ = {isa = PBXBuildFile; fileRef = C365B9E81DF07A6200E8C8AF /* engagementTests.swift */; };
		C365B9F41DF07A6200E8C8AF /* engagementUITests.swift in Sources */ = {isa = PBXBuildFile; fileRef = C365B9F31DF07A6200E8C8AF /* engagementUITests.swift */; };
/* End PBXBuildFile section */

/* Begin PBXContainerItemProxy section */
		C365B9E51DF07A6200E8C8AF /* PBXContainerItemProxy */ = {
			isa = PBXContainerItemProxy;
			containerPortal = C365B9C81DF07A6200E8C8AF /* Project object */;
			proxyType = 1;
			remoteGlobalIDString = C365B9CF1DF07A6200E8C8AF;
			remoteInfo = engagement;
		};
		C365B9F01DF07A6200E8C8AF /* PBXContainerItemProxy */ = {
			isa = PBXContainerItemProxy;
			containerPortal = C365B9C81DF07A6200E8C8AF /* Project object */;
			proxyType = 1;
			remoteGlobalIDString = C365B9CF1DF07A6200E8C8AF;
			remoteInfo = engagement;
		};
/* End PBXContainerItemProxy section */

/* Begin PBXCopyFilesBuildPhase section */
		C365BA071DF08FD400E8C8AF /* Embed Frameworks */ = {
			isa = PBXCopyFilesBuildPhase;
			buildActionMask = 2147483647;
			dstPath = "";
			dstSubfolderSpec = 10;
			files = (
			);
			name = "Embed Frameworks";
			runOnlyForDeploymentPostprocessing = 0;
		};
/* End PBXCopyFilesBuildPhase section */

/* Begin PBXFileReference section */
		14AA9AE964CA96DCEDB4CBE1 /* Pods_engagementUITests.framework */ = {isa = PBXFileReference; explicitFileType = wrapper.framework; includeInIndex = 0; path = Pods_engagementUITests.framework; sourceTree = BUILT_PRODUCTS_DIR; };
		1C7B645227D9DCF973586495 /* Pods-engagementUITests.release.xcconfig */ = {isa = PBXFileReference; includeInIndex = 1; lastKnownFileType = text.xcconfig; name = "Pods-engagementUITests.release.xcconfig"; path = "Pods/Target Support Files/Pods-engagementUITests/Pods-engagementUITests.release.xcconfig"; sourceTree = "<group>"; };
		1D5DF39B707F6EA6DE25E752 /* Pods-engagementUITests.debug.xcconfig */ = {isa = PBXFileReference; includeInIndex = 1; lastKnownFileType = text.xcconfig; name = "Pods-engagementUITests.debug.xcconfig"; path = "Pods/Target Support Files/Pods-engagementUITests/Pods-engagementUITests.debug.xcconfig"; sourceTree = "<group>"; };
		455F8BF7F88D1024F3062A47 /* Pods-engagement.debug.xcconfig */ = {isa = PBXFileReference; includeInIndex = 1; lastKnownFileType = text.xcconfig; name = "Pods-engagement.debug.xcconfig"; path = "Pods/Target Support Files/Pods-engagement/Pods-engagement.debug.xcconfig"; sourceTree = "<group>"; };
		5624AB58A7EC2C5F02E88F1D /* Pods-engagement.release.xcconfig */ = {isa = PBXFileReference; includeInIndex = 1; lastKnownFileType = text.xcconfig; name = "Pods-engagement.release.xcconfig"; path = "Pods/Target Support Files/Pods-engagement/Pods-engagement.release.xcconfig"; sourceTree = "<group>"; };
		A1212FFE30ABAFBF22E440D6 /* Pods_engagement.framework */ = {isa = PBXFileReference; explicitFileType = wrapper.framework; includeInIndex = 0; path = Pods_engagement.framework; sourceTree = BUILT_PRODUCTS_DIR; };
		B0CBA42716B10448E7978101 /* Pods_engagementTests.framework */ = {isa = PBXFileReference; explicitFileType = wrapper.framework; includeInIndex = 0; path = Pods_engagementTests.framework; sourceTree = BUILT_PRODUCTS_DIR; };
		C365B9D01DF07A6200E8C8AF /* TreasureHunt.app */ = {isa = PBXFileReference; explicitFileType = wrapper.application; includeInIndex = 0; path = TreasureHunt.app; sourceTree = BUILT_PRODUCTS_DIR; };
		C365B9D31DF07A6200E8C8AF /* AppDelegate.swift */ = {isa = PBXFileReference; lastKnownFileType = sourcecode.swift; path = AppDelegate.swift; sourceTree = "<group>"; };
		C365B9D51DF07A6200E8C8AF /* ViewController.swift */ = {isa = PBXFileReference; lastKnownFileType = sourcecode.swift; path = ViewController.swift; sourceTree = "<group>"; };
		C365B9D81DF07A6200E8C8AF /* Base */ = {isa = PBXFileReference; lastKnownFileType = file.storyboard; name = Base; path = Base.lproj/Main.storyboard; sourceTree = "<group>"; };
		C365B9DA1DF07A6200E8C8AF /* Assets.xcassets */ = {isa = PBXFileReference; lastKnownFileType = folder.assetcatalog; path = Assets.xcassets; sourceTree = "<group>"; };
		C365B9DD1DF07A6200E8C8AF /* Base */ = {isa = PBXFileReference; lastKnownFileType = file.storyboard; name = Base; path = Base.lproj/LaunchScreen.storyboard; sourceTree = "<group>"; };
		C365B9DF1DF07A6200E8C8AF /* Info.plist */ = {isa = PBXFileReference; lastKnownFileType = text.plist.xml; path = Info.plist; sourceTree = "<group>"; };
		C365B9E41DF07A6200E8C8AF /* TreasureHunt.xctest */ = {isa = PBXFileReference; explicitFileType = wrapper.cfbundle; includeInIndex = 0; path = TreasureHunt.xctest; sourceTree = BUILT_PRODUCTS_DIR; };
		C365B9E81DF07A6200E8C8AF /* engagementTests.swift */ = {isa = PBXFileReference; lastKnownFileType = sourcecode.swift; path = engagementTests.swift; sourceTree = "<group>"; };
		C365B9EA1DF07A6200E8C8AF /* Info.plist */ = {isa = PBXFileReference; lastKnownFileType = text.plist.xml; path = Info.plist; sourceTree = "<group>"; };
		C365B9EF1DF07A6200E8C8AF /* TreasureHunt.xctest */ = {isa = PBXFileReference; explicitFileType = wrapper.cfbundle; includeInIndex = 0; path = TreasureHunt.xctest; sourceTree = BUILT_PRODUCTS_DIR; };
		C365B9F31DF07A6200E8C8AF /* engagementUITests.swift */ = {isa = PBXFileReference; lastKnownFileType = sourcecode.swift; path = engagementUITests.swift; sourceTree = "<group>"; };
		C365B9F51DF07A6200E8C8AF /* Info.plist */ = {isa = PBXFileReference; lastKnownFileType = text.plist.xml; path = Info.plist; sourceTree = "<group>"; };
		CA79C97FDD36F3080406BA36 /* Pods-engagementTests.release.xcconfig */ = {isa = PBXFileReference; includeInIndex = 1; lastKnownFileType = text.xcconfig; name = "Pods-engagementTests.release.xcconfig"; path = "Pods/Target Support Files/Pods-engagementTests/Pods-engagementTests.release.xcconfig"; sourceTree = "<group>"; };
		DE8B0340228112505B1D7795 /* Pods-engagementTests.debug.xcconfig */ = {isa = PBXFileReference; includeInIndex = 1; lastKnownFileType = text.xcconfig; name = "Pods-engagementTests.debug.xcconfig"; path = "Pods/Target Support Files/Pods-engagementTests/Pods-engagementTests.debug.xcconfig"; sourceTree = "<group>"; };
/* End PBXFileReference section */

/* Begin PBXFrameworksBuildPhase section */
		C365B9CD1DF07A6200E8C8AF /* Frameworks */ = {
			isa = PBXFrameworksBuildPhase;
			buildActionMask = 2147483647;
			files = (
				22830747CE6D99FE8EAF928F /* Pods_engagement.framework in Frameworks */,
			);
			runOnlyForDeploymentPostprocessing = 0;
		};
		C365B9E11DF07A6200E8C8AF /* Frameworks */ = {
			isa = PBXFrameworksBuildPhase;
			buildActionMask = 2147483647;
			files = (
				B70AFD1990E6EA4220AF4BB0 /* Pods_engagementTests.framework in Frameworks */,
			);
			runOnlyForDeploymentPostprocessing = 0;
		};
		C365B9EC1DF07A6200E8C8AF /* Frameworks */ = {
			isa = PBXFrameworksBuildPhase;
			buildActionMask = 2147483647;
			files = (
				59A4FDC4581D30284D6DB477 /* Pods_engagementUITests.framework in Frameworks */,
			);
			runOnlyForDeploymentPostprocessing = 0;
		};
/* End PBXFrameworksBuildPhase section */

/* Begin PBXGroup section */
		2861C7EAC72C2B140166E58C /* Frameworks */ = {
			isa = PBXGroup;
			children = (
				A1212FFE30ABAFBF22E440D6 /* Pods_engagement.framework */,
				B0CBA42716B10448E7978101 /* Pods_engagementTests.framework */,
				14AA9AE964CA96DCEDB4CBE1 /* Pods_engagementUITests.framework */,
			);
			name = Frameworks;
			sourceTree = "<group>";
		};
		7EDAE53B58FC90567AD882B6 /* Pods */ = {
			isa = PBXGroup;
			children = (
				455F8BF7F88D1024F3062A47 /* Pods-engagement.debug.xcconfig */,
				5624AB58A7EC2C5F02E88F1D /* Pods-engagement.release.xcconfig */,
				DE8B0340228112505B1D7795 /* Pods-engagementTests.debug.xcconfig */,
				CA79C97FDD36F3080406BA36 /* Pods-engagementTests.release.xcconfig */,
				1D5DF39B707F6EA6DE25E752 /* Pods-engagementUITests.debug.xcconfig */,
				1C7B645227D9DCF973586495 /* Pods-engagementUITests.release.xcconfig */,
			);
			name = Pods;
			sourceTree = "<group>";
		};
		C365B9C71DF07A6200E8C8AF = {
			isa = PBXGroup;
			children = (
				C365B9D21DF07A6200E8C8AF /* engagement */,
				C365B9E71DF07A6200E8C8AF /* engagementTests */,
				C365B9F21DF07A6200E8C8AF /* engagementUITests */,
				C365B9D11DF07A6200E8C8AF /* Products */,
				7EDAE53B58FC90567AD882B6 /* Pods */,
				2861C7EAC72C2B140166E58C /* Frameworks */,
			);
			sourceTree = "<group>";
		};
		C365B9D11DF07A6200E8C8AF /* Products */ = {
			isa = PBXGroup;
			children = (
				C365B9D01DF07A6200E8C8AF /* TreasureHunt.app */,
				C365B9E41DF07A6200E8C8AF /* TreasureHunt.xctest */,
				C365B9EF1DF07A6200E8C8AF /* TreasureHunt.xctest */,
			);
			name = Products;
			sourceTree = "<group>";
		};
		C365B9D21DF07A6200E8C8AF /* engagement */ = {
			isa = PBXGroup;
			children = (
				C365B9D31DF07A6200E8C8AF /* AppDelegate.swift */,
				C365B9D51DF07A6200E8C8AF /* ViewController.swift */,
				C365B9D71DF07A6200E8C8AF /* Main.storyboard */,
				C365B9DA1DF07A6200E8C8AF /* Assets.xcassets */,
				C365B9DC1DF07A6200E8C8AF /* LaunchScreen.storyboard */,
				C365B9DF1DF07A6200E8C8AF /* Info.plist */,
			);
			path = engagement;
			sourceTree = "<group>";
		};
		C365B9E71DF07A6200E8C8AF /* engagementTests */ = {
			isa = PBXGroup;
			children = (
				C365B9E81DF07A6200E8C8AF /* engagementTests.swift */,
				C365B9EA1DF07A6200E8C8AF /* Info.plist */,
			);
			path = engagementTests;
			sourceTree = "<group>";
		};
		C365B9F21DF07A6200E8C8AF /* engagementUITests */ = {
			isa = PBXGroup;
			children = (
				C365B9F31DF07A6200E8C8AF /* engagementUITests.swift */,
				C365B9F51DF07A6200E8C8AF /* Info.plist */,
			);
			path = engagementUITests;
			sourceTree = "<group>";
		};
/* End PBXGroup section */

/* Begin PBXNativeTarget section */
		C365B9CF1DF07A6200E8C8AF /* TreasureHunt */ = {
			isa = PBXNativeTarget;
			buildConfigurationList = C365B9F81DF07A6200E8C8AF /* Build configuration list for PBXNativeTarget "TreasureHunt" */;
			buildPhases = (
				009973E7D2B1086DA00D3994 /* [CP] Check Pods Manifest.lock */,
				C365B9CC1DF07A6200E8C8AF /* Sources */,
				C365B9CD1DF07A6200E8C8AF /* Frameworks */,
				C365B9CE1DF07A6200E8C8AF /* Resources */,
				C365BA071DF08FD400E8C8AF /* Embed Frameworks */,
				94DF3B69A9C6CD020B1BAB9A /* [CP] Embed Pods Frameworks */,
				12F1F67079247144DE1A068F /* [CP] Copy Pods Resources */,
			);
			buildRules = (
			);
			dependencies = (
			);
			name = TreasureHunt;
			productName = engagement;
			productReference = C365B9D01DF07A6200E8C8AF /* TreasureHunt.app */;
			productType = "com.apple.product-type.application";
		};
		C365B9E31DF07A6200E8C8AF /* TreasureHuntTests */ = {
			isa = PBXNativeTarget;
			buildConfigurationList = C365B9FB1DF07A6200E8C8AF /* Build configuration list for PBXNativeTarget "TreasureHuntTests" */;
			buildPhases = (
				FB9AF066304DF98DA7A8B6AD /* [CP] Check Pods Manifest.lock */,
				C365B9E01DF07A6200E8C8AF /* Sources */,
				C365B9E11DF07A6200E8C8AF /* Frameworks */,
				C365B9E21DF07A6200E8C8AF /* Resources */,
				43F430A973F0ABA159B4BEBB /* [CP] Embed Pods Frameworks */,
				61AA46A51404760EF1C76A74 /* [CP] Copy Pods Resources */,
			);
			buildRules = (
			);
			dependencies = (
				C365B9E61DF07A6200E8C8AF /* PBXTargetDependency */,
			);
			name = TreasureHuntTests;
			productName = engagementTests;
			productReference = C365B9E41DF07A6200E8C8AF /* TreasureHunt.xctest */;
			productType = "com.apple.product-type.bundle.unit-test";
		};
		C365B9EE1DF07A6200E8C8AF /* TreasureHuntUITests */ = {
			isa = PBXNativeTarget;
			buildConfigurationList = C365B9FE1DF07A6200E8C8AF /* Build configuration list for PBXNativeTarget "TreasureHuntUITests" */;
			buildPhases = (
				E9C5F77E37601A4C3740F8D8 /* [CP] Check Pods Manifest.lock */,
				C365B9EB1DF07A6200E8C8AF /* Sources */,
				C365B9EC1DF07A6200E8C8AF /* Frameworks */,
				C365B9ED1DF07A6200E8C8AF /* Resources */,
				6E4E872DCDADBB566FB01A92 /* [CP] Embed Pods Frameworks */,
				CDE0F73A36741E8EEF8880DF /* [CP] Copy Pods Resources */,
			);
			buildRules = (
			);
			dependencies = (
				C365B9F11DF07A6200E8C8AF /* PBXTargetDependency */,
			);
			name = TreasureHuntUITests;
			productName = engagementUITests;
			productReference = C365B9EF1DF07A6200E8C8AF /* TreasureHunt.xctest */;
			productType = "com.apple.product-type.bundle.ui-testing";
		};
/* End PBXNativeTarget section */

/* Begin PBXProject section */
		C365B9C81DF07A6200E8C8AF /* Project object */ = {
			isa = PBXProject;
			attributes = {
				LastSwiftUpdateCheck = 0730;
				LastUpgradeCheck = 0810;
				ORGANIZATIONNAME = "Gareth Paul Jones";
				TargetAttributes = {
					C365B9CF1DF07A6200E8C8AF = {
						CreatedOnToolsVersion = 7.3;
						DevelopmentTeam = 53AF9EMAN4;
						LastSwiftMigration = 0810;
					};
					C365B9E31DF07A6200E8C8AF = {
						CreatedOnToolsVersion = 7.3;
						TestTargetID = C365B9CF1DF07A6200E8C8AF;
					};
					C365B9EE1DF07A6200E8C8AF = {
						CreatedOnToolsVersion = 7.3;
						TestTargetID = C365B9CF1DF07A6200E8C8AF;
					};
				};
			};
			buildConfigurationList = C365B9CB1DF07A6200E8C8AF /* Build configuration list for PBXProject "TreasureHunt" */;
			compatibilityVersion = "Xcode 3.2";
			developmentRegion = English;
			hasScannedForEncodings = 0;
			knownRegions = (
				en,
				Base,
			);
			mainGroup = C365B9C71DF07A6200E8C8AF;
			productRefGroup = C365B9D11DF07A6200E8C8AF /* Products */;
			projectDirPath = "";
			projectRoot = "";
			targets = (
				C365B9CF1DF07A6200E8C8AF /* TreasureHunt */,
				C365B9E31DF07A6200E8C8AF /* TreasureHuntTests */,
				C365B9EE1DF07A6200E8C8AF /* TreasureHuntUITests */,
			);
		};
/* End PBXProject section */

/* Begin PBXResourcesBuildPhase section */
		C365B9CE1DF07A6200E8C8AF /* Resources */ = {
			isa = PBXResourcesBuildPhase;
			buildActionMask = 2147483647;
			files = (
				C365B9DE1DF07A6200E8C8AF /* LaunchScreen.storyboard in Resources */,
				C365B9DB1DF07A6200E8C8AF /* Assets.xcassets in Resources */,
				C365B9D91DF07A6200E8C8AF /* Main.storyboard in Resources */,
			);
			runOnlyForDeploymentPostprocessing = 0;
		};
		C365B9E21DF07A6200E8C8AF /* Resources */ = {
			isa = PBXResourcesBuildPhase;
			buildActionMask = 2147483647;
			files = (
			);
			runOnlyForDeploymentPostprocessing = 0;
		};
		C365B9ED1DF07A6200E8C8AF /* Resources */ = {
			isa = PBXResourcesBuildPhase;
			buildActionMask = 2147483647;
			files = (
			);
			runOnlyForDeploymentPostprocessing = 0;
		};
/* End PBXResourcesBuildPhase section */

/* Begin PBXShellScriptBuildPhase section */
		009973E7D2B1086DA00D3994 /* [CP] Check Pods Manifest.lock */ = {
			isa = PBXShellScriptBuildPhase;
			buildActionMask = 2147483647;
			files = (
			);
			inputPaths = (
			);
			name = "[CP] Check Pods Manifest.lock";
			outputPaths = (
			);
			runOnlyForDeploymentPostprocessing = 0;
			shellPath = /bin/sh;
			shellScript = "diff \"${PODS_ROOT}/../Podfile.lock\" \"${PODS_ROOT}/Manifest.lock\" > /dev/null\nif [ $? != 0 ] ; then\n    # print error to STDERR\n    echo \"error: The sandbox is not in sync with the Podfile.lock. Run 'pod install' or update your CocoaPods installation.\" >&2\n    exit 1\nfi\n";
			showEnvVarsInLog = 0;
		};
		12F1F67079247144DE1A068F /* [CP] Copy Pods Resources */ = {
			isa = PBXShellScriptBuildPhase;
			buildActionMask = 2147483647;
			files = (
			);
			inputPaths = (
			);
			name = "[CP] Copy Pods Resources";
			outputPaths = (
			);
			runOnlyForDeploymentPostprocessing = 0;
			shellPath = /bin/sh;
			shellScript = "\"${SRCROOT}/Pods/Target Support Files/Pods-engagement/Pods-engagement-resources.sh\"\n";
			showEnvVarsInLog = 0;
		};
		43F430A973F0ABA159B4BEBB /* [CP] Embed Pods Frameworks */ = {
			isa = PBXShellScriptBuildPhase;
			buildActionMask = 2147483647;
			files = (
			);
			inputPaths = (
			);
			name = "[CP] Embed Pods Frameworks";
			outputPaths = (
			);
			runOnlyForDeploymentPostprocessing = 0;
			shellPath = /bin/sh;
			shellScript = "\"${SRCROOT}/Pods/Target Support Files/Pods-engagementTests/Pods-engagementTests-frameworks.sh\"\n";
			showEnvVarsInLog = 0;
		};
		61AA46A51404760EF1C76A74 /* [CP] Copy Pods Resources */ = {
			isa = PBXShellScriptBuildPhase;
			buildActionMask = 2147483647;
			files = (
			);
			inputPaths = (
			);
			name = "[CP] Copy Pods Resources";
			outputPaths = (
			);
			runOnlyForDeploymentPostprocessing = 0;
			shellPath = /bin/sh;
			shellScript = "\"${SRCROOT}/Pods/Target Support Files/Pods-engagementTests/Pods-engagementTests-resources.sh\"\n";
			showEnvVarsInLog = 0;
		};
		6E4E872DCDADBB566FB01A92 /* [CP] Embed Pods Frameworks */ = {
			isa = PBXShellScriptBuildPhase;
			buildActionMask = 2147483647;
			files = (
			);
			inputPaths = (
			);
			name = "[CP] Embed Pods Frameworks";
			outputPaths = (
			);
			runOnlyForDeploymentPostprocessing = 0;
			shellPath = /bin/sh;
			shellScript = "\"${SRCROOT}/Pods/Target Support Files/Pods-engagementUITests/Pods-engagementUITests-frameworks.sh\"\n";
			showEnvVarsInLog = 0;
		};
		94DF3B69A9C6CD020B1BAB9A /* [CP] Embed Pods Frameworks */ = {
			isa = PBXShellScriptBuildPhase;
			buildActionMask = 2147483647;
			files = (
			);
			inputPaths = (
			);
			name = "[CP] Embed Pods Frameworks";
			outputPaths = (
			);
			runOnlyForDeploymentPostprocessing = 0;
			shellPath = /bin/sh;
			shellScript = "\"${SRCROOT}/Pods/Target Support Files/Pods-engagement/Pods-engagement-frameworks.sh\"\n";
			showEnvVarsInLog = 0;
		};
		CDE0F73A36741E8EEF8880DF /* [CP] Copy Pods Resources */ = {
			isa = PBXShellScriptBuildPhase;
			buildActionMask = 2147483647;
			files = (
			);
			inputPaths = (
			);
			name = "[CP] Copy Pods Resources";
			outputPaths = (
			);
			runOnlyForDeploymentPostprocessing = 0;
			shellPath = /bin/sh;
			shellScript = "\"${SRCROOT}/Pods/Target Support Files/Pods-engagementUITests/Pods-engagementUITests-resources.sh\"\n";
			showEnvVarsInLog = 0;
		};
		E9C5F77E37601A4C3740F8D8 /* [CP] Check Pods Manifest.lock */ = {
			isa = PBXShellScriptBuildPhase;
			buildActionMask = 2147483647;
			files = (
			);
			inputPaths = (
			);
			name = "[CP] Check Pods Manifest.lock";
			outputPaths = (
			);
			runOnlyForDeploymentPostprocessing = 0;
			shellPath = /bin/sh;
			shellScript = "diff \"${PODS_ROOT}/../Podfile.lock\" \"${PODS_ROOT}/Manifest.lock\" > /dev/null\nif [ $? != 0 ] ; then\n    # print error to STDERR\n    echo \"error: The sandbox is not in sync with the Podfile.lock. Run 'pod install' or update your CocoaPods installation.\" >&2\n    exit 1\nfi\n";
			showEnvVarsInLog = 0;
		};
		FB9AF066304DF98DA7A8B6AD /* [CP] Check Pods Manifest.lock */ = {
			isa = PBXShellScriptBuildPhase;
			buildActionMask = 2147483647;
			files = (
			);
			inputPaths = (
			);
			name = "[CP] Check Pods Manifest.lock";
			outputPaths = (
			);
			runOnlyForDeploymentPostprocessing = 0;
			shellPath = /bin/sh;
			shellScript = "diff \"${PODS_ROOT}/../Podfile.lock\" \"${PODS_ROOT}/Manifest.lock\" > /dev/null\nif [ $? != 0 ] ; then\n    # print error to STDERR\n    echo \"error: The sandbox is not in sync with the Podfile.lock. Run 'pod install' or update your CocoaPods installation.\" >&2\n    exit 1\nfi\n";
			showEnvVarsInLog = 0;
		};
/* End PBXShellScriptBuildPhase section */

/* Begin PBXSourcesBuildPhase section */
		C365B9CC1DF07A6200E8C8AF /* Sources */ = {
			isa = PBXSourcesBuildPhase;
			buildActionMask = 2147483647;
			files = (
				C365B9D61DF07A6200E8C8AF /* ViewController.swift in Sources */,
				C365B9D41DF07A6200E8C8AF /* AppDelegate.swift in Sources */,
			);
			runOnlyForDeploymentPostprocessing = 0;
		};
		C365B9E01DF07A6200E8C8AF /* Sources */ = {
			isa = PBXSourcesBuildPhase;
			buildActionMask = 2147483647;
			files = (
				C365B9E91DF07A6200E8C8AF /* engagementTests.swift in Sources */,
			);
			runOnlyForDeploymentPostprocessing = 0;
		};
		C365B9EB1DF07A6200E8C8AF /* Sources */ = {
			isa = PBXSourcesBuildPhase;
			buildActionMask = 2147483647;
			files = (
				C365B9F41DF07A6200E8C8AF /* engagementUITests.swift in Sources */,
			);
			runOnlyForDeploymentPostprocessing = 0;
		};
/* End PBXSourcesBuildPhase section */

/* Begin PBXTargetDependency section */
		C365B9E61DF07A6200E8C8AF /* PBXTargetDependency */ = {
			isa = PBXTargetDependency;
			target = C365B9CF1DF07A6200E8C8AF /* TreasureHunt */;
			targetProxy = C365B9E51DF07A6200E8C8AF /* PBXContainerItemProxy */;
		};
		C365B9F11DF07A6200E8C8AF /* PBXTargetDependency */ = {
			isa = PBXTargetDependency;
			target = C365B9CF1DF07A6200E8C8AF /* TreasureHunt */;
			targetProxy = C365B9F01DF07A6200E8C8AF /* PBXContainerItemProxy */;
		};
/* End PBXTargetDependency section */

/* Begin PBXVariantGroup section */
		C365B9D71DF07A6200E8C8AF /* Main.storyboard */ = {
			isa = PBXVariantGroup;
			children = (
				C365B9D81DF07A6200E8C8AF /* Base */,
			);
			name = Main.storyboard;
			sourceTree = "<group>";
		};
		C365B9DC1DF07A6200E8C8AF /* LaunchScreen.storyboard */ = {
			isa = PBXVariantGroup;
			children = (
				C365B9DD1DF07A6200E8C8AF /* Base */,
			);
			name = LaunchScreen.storyboard;
			sourceTree = "<group>";
		};
/* End PBXVariantGroup section */

/* Begin XCBuildConfiguration section */
		C365B9F61DF07A6200E8C8AF /* Debug */ = {
			isa = XCBuildConfiguration;
			buildSettings = {
				ALWAYS_SEARCH_USER_PATHS = NO;
				CLANG_ANALYZER_NONNULL = YES;
				CLANG_CXX_LANGUAGE_STANDARD = "gnu++0x";
				CLANG_CXX_LIBRARY = "libc++";
				CLANG_ENABLE_MODULES = YES;
				CLANG_ENABLE_OBJC_ARC = YES;
				CLANG_WARN_BOOL_CONVERSION = YES;
				CLANG_WARN_CONSTANT_CONVERSION = YES;
				CLANG_WARN_DIRECT_OBJC_ISA_USAGE = YES_ERROR;
				CLANG_WARN_EMPTY_BODY = YES;
				CLANG_WARN_ENUM_CONVERSION = YES;
				CLANG_WARN_INFINITE_RECURSION = YES;
				CLANG_WARN_INT_CONVERSION = YES;
				CLANG_WARN_OBJC_ROOT_CLASS = YES_ERROR;
				CLANG_WARN_SUSPICIOUS_MOVE = YES;
				CLANG_WARN_UNREACHABLE_CODE = YES;
				CLANG_WARN__DUPLICATE_METHOD_MATCH = YES;
				"CODE_SIGN_IDENTITY[sdk=iphoneos*]" = "iPhone Developer";
				COPY_PHASE_STRIP = NO;
				DEBUG_INFORMATION_FORMAT = dwarf;
				ENABLE_STRICT_OBJC_MSGSEND = YES;
				ENABLE_TESTABILITY = YES;
				GCC_C_LANGUAGE_STANDARD = gnu99;
				GCC_DYNAMIC_NO_PIC = NO;
				GCC_NO_COMMON_BLOCKS = YES;
				GCC_OPTIMIZATION_LEVEL = 0;
				GCC_PREPROCESSOR_DEFINITIONS = (
					"DEBUG=1",
					"$(inherited)",
				);
				GCC_WARN_64_TO_32_BIT_CONVERSION = YES;
				GCC_WARN_ABOUT_RETURN_TYPE = YES_ERROR;
				GCC_WARN_UNDECLARED_SELECTOR = YES;
				GCC_WARN_UNINITIALIZED_AUTOS = YES_AGGRESSIVE;
				GCC_WARN_UNUSED_FUNCTION = YES;
				GCC_WARN_UNUSED_VARIABLE = YES;
				IPHONEOS_DEPLOYMENT_TARGET = 9.3;
				MTL_ENABLE_DEBUG_INFO = YES;
				ONLY_ACTIVE_ARCH = YES;
				SDKROOT = iphoneos;
				SWIFT_OPTIMIZATION_LEVEL = "-Onone";
				TARGETED_DEVICE_FAMILY = "1,2";
			};
			name = Debug;
		};
		C365B9F71DF07A6200E8C8AF /* Release */ = {
			isa = XCBuildConfiguration;
			buildSettings = {
				ALWAYS_SEARCH_USER_PATHS = NO;
				CLANG_ANALYZER_NONNULL = YES;
				CLANG_CXX_LANGUAGE_STANDARD = "gnu++0x";
				CLANG_CXX_LIBRARY = "libc++";
				CLANG_ENABLE_MODULES = YES;
				CLANG_ENABLE_OBJC_ARC = YES;
				CLANG_WARN_BOOL_CONVERSION = YES;
				CLANG_WARN_CONSTANT_CONVERSION = YES;
				CLANG_WARN_DIRECT_OBJC_ISA_USAGE = YES_ERROR;
				CLANG_WARN_EMPTY_BODY = YES;
				CLANG_WARN_ENUM_CONVERSION = YES;
				CLANG_WARN_INFINITE_RECURSION = YES;
				CLANG_WARN_INT_CONVERSION = YES;
				CLANG_WARN_OBJC_ROOT_CLASS = YES_ERROR;
				CLANG_WARN_SUSPICIOUS_MOVE = YES;
				CLANG_WARN_UNREACHABLE_CODE = YES;
				CLANG_WARN__DUPLICATE_METHOD_MATCH = YES;
				"CODE_SIGN_IDENTITY[sdk=iphoneos*]" = "iPhone Developer";
				COPY_PHASE_STRIP = NO;
				DEBUG_INFORMATION_FORMAT = "dwarf-with-dsym";
				ENABLE_NS_ASSERTIONS = NO;
				ENABLE_STRICT_OBJC_MSGSEND = YES;
				GCC_C_LANGUAGE_STANDARD = gnu99;
				GCC_NO_COMMON_BLOCKS = YES;
				GCC_WARN_64_TO_32_BIT_CONVERSION = YES;
				GCC_WARN_ABOUT_RETURN_TYPE = YES_ERROR;
				GCC_WARN_UNDECLARED_SELECTOR = YES;
				GCC_WARN_UNINITIALIZED_AUTOS = YES_AGGRESSIVE;
				GCC_WARN_UNUSED_FUNCTION = YES;
				GCC_WARN_UNUSED_VARIABLE = YES;
				IPHONEOS_DEPLOYMENT_TARGET = 9.3;
				MTL_ENABLE_DEBUG_INFO = NO;
				SDKROOT = iphoneos;
				SWIFT_OPTIMIZATION_LEVEL = "-Owholemodule";
				TARGETED_DEVICE_FAMILY = "1,2";
				VALIDATE_PRODUCT = YES;
			};
			name = Release;
		};
		C365B9F91DF07A6200E8C8AF /* Debug */ = {
			isa = XCBuildConfiguration;
			baseConfigurationReference = 455F8BF7F88D1024F3062A47 /* Pods-engagement.debug.xcconfig */;
			buildSettings = {
				ASSETCATALOG_COMPILER_APPICON_NAME = AppIcon;
				DEVELOPMENT_TEAM = 53AF9EMAN4;
				FRAMEWORK_SEARCH_PATHS = (
					"$(inherited)",
					"$(PROJECT_DIR)/engagement",
					"$(PROJECT_DIR)",
				);
				INFOPLIST_FILE = engagement/Info.plist;
				LD_RUNPATH_SEARCH_PATHS = "$(inherited) @executable_path/Frameworks";
				PRODUCT_BUNDLE_IDENTIFIER = com.gpj.engagement;
				PRODUCT_NAME = TreasureHunt;
				SWIFT_VERSION = 3.0;
			};
			name = Debug;
		};
		C365B9FA1DF07A6200E8C8AF /* Release */ = {
			isa = XCBuildConfiguration;
			baseConfigurationReference = 5624AB58A7EC2C5F02E88F1D /* Pods-engagement.release.xcconfig */;
			buildSettings = {
				ASSETCATALOG_COMPILER_APPICON_NAME = AppIcon;
				DEVELOPMENT_TEAM = 53AF9EMAN4;
				FRAMEWORK_SEARCH_PATHS = (
					"$(inherited)",
					"$(PROJECT_DIR)/engagement",
					"$(PROJECT_DIR)",
				);
				INFOPLIST_FILE = engagement/Info.plist;
				LD_RUNPATH_SEARCH_PATHS = "$(inherited) @executable_path/Frameworks";
				PRODUCT_BUNDLE_IDENTIFIER = com.gpj.engagement;
				PRODUCT_NAME = TreasureHunt;
				SWIFT_VERSION = 3.0;
			};
			name = Release;
		};
		C365B9FC1DF07A6200E8C8AF /* Debug */ = {
			isa = XCBuildConfiguration;
			baseConfigurationReference = DE8B0340228112505B1D7795 /* Pods-engagementTests.debug.xcconfig */;
			buildSettings = {
				BUNDLE_LOADER = "$(TEST_HOST)";
				INFOPLIST_FILE = engagementTests/Info.plist;
				LD_RUNPATH_SEARCH_PATHS = "$(inherited) @executable_path/Frameworks @loader_path/Frameworks";
				PRODUCT_BUNDLE_IDENTIFIER = com.gpj.engagementTests;
				PRODUCT_NAME = TreasureHunt;
				TEST_HOST = "$(BUILT_PRODUCTS_DIR)/TreasureHunt.app/TreasureHunt";
			};
			name = Debug;
		};
		C365B9FD1DF07A6200E8C8AF /* Release */ = {
			isa = XCBuildConfiguration;
			baseConfigurationReference = CA79C97FDD36F3080406BA36 /* Pods-engagementTests.release.xcconfig */;
			buildSettings = {
				BUNDLE_LOADER = "$(TEST_HOST)";
				INFOPLIST_FILE = engagementTests/Info.plist;
				LD_RUNPATH_SEARCH_PATHS = "$(inherited) @executable_path/Frameworks @loader_path/Frameworks";
				PRODUCT_BUNDLE_IDENTIFIER = com.gpj.engagementTests;
				PRODUCT_NAME = TreasureHunt;
				TEST_HOST = "$(BUILT_PRODUCTS_DIR)/TreasureHunt.app/TreasureHunt";
			};
			name = Release;
		};
		C365B9FF1DF07A6200E8C8AF /* Debug */ = {
			isa = XCBuildConfiguration;
			baseConfigurationReference = 1D5DF39B707F6EA6DE25E752 /* Pods-engagementUITests.debug.xcconfig */;
			buildSettings = {
				INFOPLIST_FILE = engagementUITests/Info.plist;
				LD_RUNPATH_SEARCH_PATHS = "$(inherited) @executable_path/Frameworks @loader_path/Frameworks";
				PRODUCT_BUNDLE_IDENTIFIER = com.gpj.engagementUITests;
				PRODUCT_NAME = TreasureHunt;
				TEST_TARGET_NAME = engagement;
			};
			name = Debug;
		};
		C365BA001DF07A6200E8C8AF /* Release */ = {
			isa = XCBuildConfiguration;
			baseConfigurationReference = 1C7B645227D9DCF973586495 /* Pods-engagementUITests.release.xcconfig */;
			buildSettings = {
				INFOPLIST_FILE = engagementUITests/Info.plist;
				LD_RUNPATH_SEARCH_PATHS = "$(inherited) @executable_path/Frameworks @loader_path/Frameworks";
				PRODUCT_BUNDLE_IDENTIFIER = com.gpj.engagementUITests;
				PRODUCT_NAME = TreasureHunt;
				TEST_TARGET_NAME = engagement;
			};
			name = Release;
		};
/* End XCBuildConfiguration section */

/* Begin XCConfigurationList section */
		C365B9CB1DF07A6200E8C8AF /* Build configuration list for PBXProject "TreasureHunt" */ = {
			isa = XCConfigurationList;
			buildConfigurations = (
				C365B9F61DF07A6200E8C8AF /* Debug */,
				C365B9F71DF07A6200E8C8AF /* Release */,
			);
			defaultConfigurationIsVisible = 0;
			defaultConfigurationName = Release;
		};
		C365B9F81DF07A6200E8C8AF /* Build configuration list for PBXNativeTarget "TreasureHunt" */ = {
			isa = XCConfigurationList;
			buildConfigurations = (
				C365B9F91DF07A6200E8C8AF /* Debug */,
				C365B9FA1DF07A6200E8C8AF /* Release */,
			);
			defaultConfigurationIsVisible = 0;
			defaultConfigurationName = Release;
		};
		C365B9FB1DF07A6200E8C8AF /* Build configuration list for PBXNativeTarget "TreasureHuntTests" */ = {
			isa = XCConfigurationList;
			buildConfigurations = (
				C365B9FC1DF07A6200E8C8AF /* Debug */,
				C365B9FD1DF07A6200E8C8AF /* Release */,
			);
			defaultConfigurationIsVisible = 0;
			defaultConfigurationName = Release;
		};
		C365B9FE1DF07A6200E8C8AF /* Build configuration list for PBXNativeTarget "TreasureHuntUITests" */ = {
			isa = XCConfigurationList;
			buildConfigurations = (
				C365B9FF1DF07A6200E8C8AF /* Debug */,
				C365BA001DF07A6200E8C8AF /* Release */,
			);
			defaultConfigurationIsVisible = 0;
			defaultConfigurationName = Release;
		};
/* End XCConfigurationList section */
	};
	rootObject = C365B9C81DF07A6200E8C8AF /* Project object */;
}
